{
  "nodes": {
    "nixpkgs": {
      "locked": {
        "lastModified": 1791260994,
        "narHash": "sha256-Miqqk/ammqnTUxaoCyvtwoPeLbI1ksFyLxi/CazZpWY=",
        "owner": "NixOS",
        "repo": "nixpkgs",
        "rev": "151fa4e8ddfdd8dd25d945ad94ed54a13de9f6e4",
        "type": "github"
      },
      "original": {
        "owner": "NixOS",
        "ref": "nixos-unstable",
        "repo": "nixpkgs",
        "type": "github"
      }
    },
    "pm": {
      "inputs": {
        "nixpkgs": [
          "nixpkgs"
        ]
      },
      "locked": {
        "lastModified": 1791654577,
        "narHash": "sha256-49cELII0VznnHJmOSBoxmV/blEHvP2Gzc4fcHuexpUs=",
        "owner": "rubenmoor",
        "repo": "project-manager",
        "rev": "a0cf46eb3bb1466d137fc91343c8f6ad5f598d74",
        "type": "github"
      },
      "original": {
        "owner": "rubenmoor",
        "repo": "project-manager",
        "type": "github"
      }
    },
    "root": {
      "inputs": {
        "nixpkgs": "nixpkgs",
        "pm": "pm"
      }
    }
  },
  "root": "root",
  "version": 7
}
