{
  "nodes": {
    "nixpkgs": {
      "locked": {
        "lastModified": 1791260994,
        "narHash": "sha256-Miqqk/ammqnTUxaoCyvtwoPeLbI1ksFyLxi/CazZpWY=",
        "owner": "NixOS",
        "repo": "nixpkgs",
        "rev": "151fa4e8ddfdd8dd25d945ad94ed54a13de9f6e4",
        "type": "github"
      },
      "original": {
        "owner": "NixOS",
        "ref": "nixos-unstable",
        "repo": "nixpkgs",
        "type": "github"
      }
    },
    "pm": {
      "inputs": {
        "nixpkgs": [
          "nixpkgs"
        ]
      },
      "locked": {
        "lastModified": 1791649537,
        "narHash": "sha256-Wuc01pXj1+m3UEMvlFimiXS3b8QgGdnuV/0AH1MVTK0=",
        "owner": "rubenmoor",
        "repo": "project-manager",
        "rev": "8903d30cf213046a03eb6674892f66e743a041ac",
        "type": "github"
      },
      "original": {
        "owner": "rubenmoor",
        "repo": "project-manager",
        "type": "github"
      }
    },
    "root": {
      "inputs": {
        "nixpkgs": "nixpkgs",
        "pm": "pm"
      }
    }
  },
  "root": "root",
  "version": 7
}
